// !$*UTF8*$!
{
	archiveVersion = 1;
	classes = {
	};
	objectVersion = 56;
	objects = {

/* Begin PBXBuildFile section */
		493FBE2228F1646200EFA491 /* MakePromiseBottomButton.swift in Sources */ = {isa = PBXBuildFile; fileRef = 493FBE2128F1646200EFA491 /* MakePromiseBottomButton.swift */; };
		493FBE2428F164ED00EFA491 /* Color+Ex.swift in Sources */ = {isa = PBXBuildFile; fileRef = 493FBE2328F164ED00EFA491 /* Color+Ex.swift */; };
		493FBE2628F1656100EFA491 /* SelectThemeView.swift in Sources */ = {isa = PBXBuildFile; fileRef = 493FBE2528F1656100EFA491 /* SelectThemeView.swift */; };
		493FBE2828F165A700EFA491 /* TopInformationView.swift in Sources */ = {isa = PBXBuildFile; fileRef = 493FBE2728F165A700EFA491 /* TopInformationView.swift */; };
		4973588C2949CFE700C53BD7 /* MakePromiseStore.swift in Sources */ = {isa = PBXBuildFile; fileRef = 4973588B2949CFE700C53BD7 /* MakePromiseStore.swift */; };
		4973588E2949D05400C53BD7 /* SelectThemeStore.swift in Sources */ = {isa = PBXBuildFile; fileRef = 4973588D2949D05400C53BD7 /* SelectThemeStore.swift */; };
		49A97AE1294DB862002FC2C1 /* MakePromiseView.swift in Sources */ = {isa = PBXBuildFile; fileRef = 49A97AE0294DB862002FC2C1 /* MakePromiseView.swift */; };
		49A97AE3294F0F50002FC2C1 /* SetNameAndPlaceView.swift in Sources */ = {isa = PBXBuildFile; fileRef = 49A97AE2294F0F50002FC2C1 /* SetNameAndPlaceView.swift */; };
		49A97AE5294F1022002FC2C1 /* SetNameAndPlaceStore.swift in Sources */ = {isa = PBXBuildFile; fileRef = 49A97AE4294F1022002FC2C1 /* SetNameAndPlaceStore.swift */; };
		49A97AE7294F2870002FC2C1 /* PlanzColor.swift in Sources */ = {isa = PBXBuildFile; fileRef = 49A97AE6294F2870002FC2C1 /* PlanzColor.swift */; };
		49A97AE9294F2F84002FC2C1 /* MakePromiseErrorView.swift in Sources */ = {isa = PBXBuildFile; fileRef = 49A97AE8294F2F84002FC2C1 /* MakePromiseErrorView.swift */; };
		6F47599A28D9D0CE005CC91B /* PlanzApp.swift in Sources */ = {isa = PBXBuildFile; fileRef = 6F47599928D9D0CE005CC91B /* PlanzApp.swift */; };
		6F47599E28D9D0CF005CC91B /* Assets.xcassets in Resources */ = {isa = PBXBuildFile; fileRef = 6F47599D28D9D0CF005CC91B /* Assets.xcassets */; };
		6F4759A128D9D0CF005CC91B /* Preview Assets.xcassets in Resources */ = {isa = PBXBuildFile; fileRef = 6F4759A028D9D0CF005CC91B /* Preview Assets.xcassets */; };
		6F4759AB28D9D0CF005CC91B /* PlanzTests.swift in Sources */ = {isa = PBXBuildFile; fileRef = 6F4759AA28D9D0CF005CC91B /* PlanzTests.swift */; };
		6F4759B528D9D0CF005CC91B /* PlanzUITests.swift in Sources */ = {isa = PBXBuildFile; fileRef = 6F4759B428D9D0CF005CC91B /* PlanzUITests.swift */; };
		6F4759B728D9D0CF005CC91B /* PlanzUITestsLaunchTests.swift in Sources */ = {isa = PBXBuildFile; fileRef = 6F4759B628D9D0CF005CC91B /* PlanzUITestsLaunchTests.swift */; };
		6F4759C628D9D146005CC91B /* AppView.swift in Sources */ = {isa = PBXBuildFile; fileRef = 6F4759C528D9D146005CC91B /* AppView.swift */; };
		6F81F3D028EE78550005BAAA /* AppPackage in Frameworks */ = {isa = PBXBuildFile; productRef = 6F81F3CF28EE78550005BAAA /* AppPackage */; };
/* End PBXBuildFile section */

/* Begin PBXContainerItemProxy section */
		6F4759A728D9D0CF005CC91B /* PBXContainerItemProxy */ = {
			isa = PBXContainerItemProxy;
			containerPortal = 6F47598E28D9D0CE005CC91B /* Project object */;
			proxyType = 1;
			remoteGlobalIDString = 6F47599528D9D0CE005CC91B;
			remoteInfo = Planz;
		};
		6F4759B128D9D0CF005CC91B /* PBXContainerItemProxy */ = {
			isa = PBXContainerItemProxy;
			containerPortal = 6F47598E28D9D0CE005CC91B /* Project object */;
			proxyType = 1;
			remoteGlobalIDString = 6F47599528D9D0CE005CC91B;
			remoteInfo = Planz;
		};
/* End PBXContainerItemProxy section */

/* Begin PBXFileReference section */
		493FBE2128F1646200EFA491 /* MakePromiseBottomButton.swift */ = {isa = PBXFileReference; lastKnownFileType = sourcecode.swift; path = MakePromiseBottomButton.swift; sourceTree = "<group>"; };
		493FBE2328F164ED00EFA491 /* Color+Ex.swift */ = {isa = PBXFileReference; lastKnownFileType = sourcecode.swift; path = "Color+Ex.swift"; sourceTree = "<group>"; };
		493FBE2528F1656100EFA491 /* SelectThemeView.swift */ = {isa = PBXFileReference; lastKnownFileType = sourcecode.swift; path = SelectThemeView.swift; sourceTree = "<group>"; };
		493FBE2728F165A700EFA491 /* TopInformationView.swift */ = {isa = PBXFileReference; lastKnownFileType = sourcecode.swift; path = TopInformationView.swift; sourceTree = "<group>"; };
		4973588B2949CFE700C53BD7 /* MakePromiseStore.swift */ = {isa = PBXFileReference; lastKnownFileType = sourcecode.swift; path = MakePromiseStore.swift; sourceTree = "<group>"; };
		4973588D2949D05400C53BD7 /* SelectThemeStore.swift */ = {isa = PBXFileReference; lastKnownFileType = sourcecode.swift; path = SelectThemeStore.swift; sourceTree = "<group>"; };
		49A97AE0294DB862002FC2C1 /* MakePromiseView.swift */ = {isa = PBXFileReference; lastKnownFileType = sourcecode.swift; path = MakePromiseView.swift; sourceTree = "<group>"; };
		49A97AE2294F0F50002FC2C1 /* SetNameAndPlaceView.swift */ = {isa = PBXFileReference; lastKnownFileType = sourcecode.swift; path = SetNameAndPlaceView.swift; sourceTree = "<group>"; };
		49A97AE4294F1022002FC2C1 /* SetNameAndPlaceStore.swift */ = {isa = PBXFileReference; lastKnownFileType = sourcecode.swift; path = SetNameAndPlaceStore.swift; sourceTree = "<group>"; };
		49A97AE6294F2870002FC2C1 /* PlanzColor.swift */ = {isa = PBXFileReference; lastKnownFileType = sourcecode.swift; path = PlanzColor.swift; sourceTree = "<group>"; };
		49A97AE8294F2F84002FC2C1 /* MakePromiseErrorView.swift */ = {isa = PBXFileReference; lastKnownFileType = sourcecode.swift; path = MakePromiseErrorView.swift; sourceTree = "<group>"; };
		6F47599628D9D0CE005CC91B /* Planz.app */ = {isa = PBXFileReference; explicitFileType = wrapper.application; includeInIndex = 0; path = Planz.app; sourceTree = BUILT_PRODUCTS_DIR; };
		6F47599928D9D0CE005CC91B /* PlanzApp.swift */ = {isa = PBXFileReference; lastKnownFileType = sourcecode.swift; path = PlanzApp.swift; sourceTree = "<group>"; };
		6F47599D28D9D0CF005CC91B /* Assets.xcassets */ = {isa = PBXFileReference; lastKnownFileType = folder.assetcatalog; path = Assets.xcassets; sourceTree = "<group>"; };
		6F4759A028D9D0CF005CC91B /* Preview Assets.xcassets */ = {isa = PBXFileReference; lastKnownFileType = folder.assetcatalog; path = "Preview Assets.xcassets"; sourceTree = "<group>"; };
		6F4759A628D9D0CF005CC91B /* PlanzTests.xctest */ = {isa = PBXFileReference; explicitFileType = wrapper.cfbundle; includeInIndex = 0; path = PlanzTests.xctest; sourceTree = BUILT_PRODUCTS_DIR; };
		6F4759AA28D9D0CF005CC91B /* PlanzTests.swift */ = {isa = PBXFileReference; lastKnownFileType = sourcecode.swift; path = PlanzTests.swift; sourceTree = "<group>"; };
		6F4759B028D9D0CF005CC91B /* PlanzUITests.xctest */ = {isa = PBXFileReference; explicitFileType = wrapper.cfbundle; includeInIndex = 0; path = PlanzUITests.xctest; sourceTree = BUILT_PRODUCTS_DIR; };
		6F4759B428D9D0CF005CC91B /* PlanzUITests.swift */ = {isa = PBXFileReference; lastKnownFileType = sourcecode.swift; path = PlanzUITests.swift; sourceTree = "<group>"; };
		6F4759B628D9D0CF005CC91B /* PlanzUITestsLaunchTests.swift */ = {isa = PBXFileReference; lastKnownFileType = sourcecode.swift; path = PlanzUITestsLaunchTests.swift; sourceTree = "<group>"; };
		6F4759C528D9D146005CC91B /* AppView.swift */ = {isa = PBXFileReference; lastKnownFileType = sourcecode.swift; path = AppView.swift; sourceTree = "<group>"; };
		6F81F3CD28EE77C60005BAAA /* AppPackage */ = {isa = PBXFileReference; lastKnownFileType = wrapper; path = AppPackage; sourceTree = "<group>"; };
/* End PBXFileReference section */

/* Begin PBXFrameworksBuildPhase section */
		6F47599328D9D0CE005CC91B /* Frameworks */ = {
			isa = PBXFrameworksBuildPhase;
			buildActionMask = 2147483647;
			files = (
				6F81F3D028EE78550005BAAA /* AppPackage in Frameworks */,
			);
			runOnlyForDeploymentPostprocessing = 0;
		};
		6F4759A328D9D0CF005CC91B /* Frameworks */ = {
			isa = PBXFrameworksBuildPhase;
			buildActionMask = 2147483647;
			files = (
			);
			runOnlyForDeploymentPostprocessing = 0;
		};
		6F4759AD28D9D0CF005CC91B /* Frameworks */ = {
			isa = PBXFrameworksBuildPhase;
			buildActionMask = 2147483647;
			files = (
			);
			runOnlyForDeploymentPostprocessing = 0;
		};
/* End PBXFrameworksBuildPhase section */

/* Begin PBXGroup section */
		493FBE1F28F1641F00EFA491 /* Promise */ = {
			isa = PBXGroup;
			children = (
				4973588A2949CFC200C53BD7 /* MakePromise */,
				493FBE2328F164ED00EFA491 /* Color+Ex.swift */,
			);
			path = Promise;
			sourceTree = "<group>";
		};
		4973588A2949CFC200C53BD7 /* MakePromise */ = {
			isa = PBXGroup;
			children = (
				49A97ADF294DB7CD002FC2C1 /* SubViews */,
				4973588B2949CFE700C53BD7 /* MakePromiseStore.swift */,
				49A97AE0294DB862002FC2C1 /* MakePromiseView.swift */,
				49A97AE6294F2870002FC2C1 /* PlanzColor.swift */,
			);
			path = MakePromise;
			sourceTree = "<group>";
		};
		49A97ADF294DB7CD002FC2C1 /* SubViews */ = {
			isa = PBXGroup;
			children = (
				493FBE2528F1656100EFA491 /* SelectThemeView.swift */,
				4973588D2949D05400C53BD7 /* SelectThemeStore.swift */,
				493FBE2728F165A700EFA491 /* TopInformationView.swift */,
				493FBE2128F1646200EFA491 /* MakePromiseBottomButton.swift */,
				49A97AE2294F0F50002FC2C1 /* SetNameAndPlaceView.swift */,
				49A97AE4294F1022002FC2C1 /* SetNameAndPlaceStore.swift */,
				49A97AE8294F2F84002FC2C1 /* MakePromiseErrorView.swift */,
			);
			path = SubViews;
			sourceTree = "<group>";
		};
		6F47598D28D9D0CE005CC91B = {
			isa = PBXGroup;
			children = (
				6F81F3CD28EE77C60005BAAA /* AppPackage */,
				6F47599828D9D0CE005CC91B /* Planz */,
				6F4759A928D9D0CF005CC91B /* PlanzTests */,
				6F4759B328D9D0CF005CC91B /* PlanzUITests */,
				6F47599728D9D0CE005CC91B /* Products */,
				6F81F3CE28EE78550005BAAA /* Frameworks */,
			);
			sourceTree = "<group>";
		};
		6F47599728D9D0CE005CC91B /* Products */ = {
			isa = PBXGroup;
			children = (
				6F47599628D9D0CE005CC91B /* Planz.app */,
				6F4759A628D9D0CF005CC91B /* PlanzTests.xctest */,
				6F4759B028D9D0CF005CC91B /* PlanzUITests.xctest */,
			);
			name = Products;
			sourceTree = "<group>";
		};
		6F47599828D9D0CE005CC91B /* Planz */ = {
			isa = PBXGroup;
			children = (
				493FBE1F28F1641F00EFA491 /* Promise */,
				6F47599928D9D0CE005CC91B /* PlanzApp.swift */,
				6F4759C528D9D146005CC91B /* AppView.swift */,
				6F47599D28D9D0CF005CC91B /* Assets.xcassets */,
				6F47599F28D9D0CF005CC91B /* Preview Content */,
			);
			path = Planz;
			sourceTree = "<group>";
		};
		6F47599F28D9D0CF005CC91B /* Preview Content */ = {
			isa = PBXGroup;
			children = (
				6F4759A028D9D0CF005CC91B /* Preview Assets.xcassets */,
			);
			path = "Preview Content";
			sourceTree = "<group>";
		};
		6F4759A928D9D0CF005CC91B /* PlanzTests */ = {
			isa = PBXGroup;
			children = (
				6F4759AA28D9D0CF005CC91B /* PlanzTests.swift */,
			);
			path = PlanzTests;
			sourceTree = "<group>";
		};
		6F4759B328D9D0CF005CC91B /* PlanzUITests */ = {
			isa = PBXGroup;
			children = (
				6F4759B428D9D0CF005CC91B /* PlanzUITests.swift */,
				6F4759B628D9D0CF005CC91B /* PlanzUITestsLaunchTests.swift */,
			);
			path = PlanzUITests;
			sourceTree = "<group>";
		};
		6F81F3CE28EE78550005BAAA /* Frameworks */ = {
			isa = PBXGroup;
			children = (
			);
			name = Frameworks;
			sourceTree = "<group>";
		};
/* End PBXGroup section */

/* Begin PBXNativeTarget section */
		6F47599528D9D0CE005CC91B /* Planz */ = {
			isa = PBXNativeTarget;
			buildConfigurationList = 6F4759BA28D9D0CF005CC91B /* Build configuration list for PBXNativeTarget "Planz" */;
			buildPhases = (
				6F47599228D9D0CE005CC91B /* Sources */,
				6F47599328D9D0CE005CC91B /* Frameworks */,
				6F47599428D9D0CE005CC91B /* Resources */,
			);
			buildRules = (
			);
			dependencies = (
			);
			name = Planz;
			packageProductDependencies = (
				6F81F3CF28EE78550005BAAA /* AppPackage */,
			);
			productName = Planz;
			productReference = 6F47599628D9D0CE005CC91B /* Planz.app */;
			productType = "com.apple.product-type.application";
		};
		6F4759A528D9D0CF005CC91B /* PlanzTests */ = {
			isa = PBXNativeTarget;
			buildConfigurationList = 6F4759BD28D9D0CF005CC91B /* Build configuration list for PBXNativeTarget "PlanzTests" */;
			buildPhases = (
				6F4759A228D9D0CF005CC91B /* Sources */,
				6F4759A328D9D0CF005CC91B /* Frameworks */,
				6F4759A428D9D0CF005CC91B /* Resources */,
			);
			buildRules = (
			);
			dependencies = (
				6F4759A828D9D0CF005CC91B /* PBXTargetDependency */,
			);
			name = PlanzTests;
			productName = PlanzTests;
			productReference = 6F4759A628D9D0CF005CC91B /* PlanzTests.xctest */;
			productType = "com.apple.product-type.bundle.unit-test";
		};
		6F4759AF28D9D0CF005CC91B /* PlanzUITests */ = {
			isa = PBXNativeTarget;
			buildConfigurationList = 6F4759C028D9D0CF005CC91B /* Build configuration list for PBXNativeTarget "PlanzUITests" */;
			buildPhases = (
				6F4759AC28D9D0CF005CC91B /* Sources */,
				6F4759AD28D9D0CF005CC91B /* Frameworks */,
				6F4759AE28D9D0CF005CC91B /* Resources */,
			);
			buildRules = (
			);
			dependencies = (
				6F4759B228D9D0CF005CC91B /* PBXTargetDependency */,
			);
			name = PlanzUITests;
			productName = PlanzUITests;
			productReference = 6F4759B028D9D0CF005CC91B /* PlanzUITests.xctest */;
			productType = "com.apple.product-type.bundle.ui-testing";
		};
/* End PBXNativeTarget section */

/* Begin PBXProject section */
		6F47598E28D9D0CE005CC91B /* Project object */ = {
			isa = PBXProject;
			attributes = {
				BuildIndependentTargetsInParallel = 1;
				LastSwiftUpdateCheck = 1400;
				LastUpgradeCheck = 1400;
				ORGANIZATIONNAME = "Team-Planz";
				TargetAttributes = {
					6F47599528D9D0CE005CC91B = {
						CreatedOnToolsVersion = 14.0;
					};
					6F4759A528D9D0CF005CC91B = {
						CreatedOnToolsVersion = 14.0;
						TestTargetID = 6F47599528D9D0CE005CC91B;
					};
					6F4759AF28D9D0CF005CC91B = {
						CreatedOnToolsVersion = 14.0;
						TestTargetID = 6F47599528D9D0CE005CC91B;
					};
				};
			};
			buildConfigurationList = 6F47599128D9D0CE005CC91B /* Build configuration list for PBXProject "Planz" */;
			compatibilityVersion = "Xcode 14.0";
			developmentRegion = en;
			hasScannedForEncodings = 0;
			knownRegions = (
				en,
				Base,
			);
			mainGroup = 6F47598D28D9D0CE005CC91B;
			productRefGroup = 6F47599728D9D0CE005CC91B /* Products */;
			projectDirPath = "";
			projectRoot = "";
			targets = (
				6F47599528D9D0CE005CC91B /* Planz */,
				6F4759A528D9D0CF005CC91B /* PlanzTests */,
				6F4759AF28D9D0CF005CC91B /* PlanzUITests */,
			);
		};
/* End PBXProject section */

/* Begin PBXResourcesBuildPhase section */
		6F47599428D9D0CE005CC91B /* Resources */ = {
			isa = PBXResourcesBuildPhase;
			buildActionMask = 2147483647;
			files = (
				6F4759A128D9D0CF005CC91B /* Preview Assets.xcassets in Resources */,
				6F47599E28D9D0CF005CC91B /* Assets.xcassets in Resources */,
			);
			runOnlyForDeploymentPostprocessing = 0;
		};
		6F4759A428D9D0CF005CC91B /* Resources */ = {
			isa = PBXResourcesBuildPhase;
			buildActionMask = 2147483647;
			files = (
			);
			runOnlyForDeploymentPostprocessing = 0;
		};
		6F4759AE28D9D0CF005CC91B /* Resources */ = {
			isa = PBXResourcesBuildPhase;
			buildActionMask = 2147483647;
			files = (
			);
			runOnlyForDeploymentPostprocessing = 0;
		};
/* End PBXResourcesBuildPhase section */

/* Begin PBXSourcesBuildPhase section */
		6F47599228D9D0CE005CC91B /* Sources */ = {
			isa = PBXSourcesBuildPhase;
			buildActionMask = 2147483647;
			files = (
				4973588E2949D05400C53BD7 /* SelectThemeStore.swift in Sources */,
				493FBE2628F1656100EFA491 /* SelectThemeView.swift in Sources */,
				493FBE2428F164ED00EFA491 /* Color+Ex.swift in Sources */,
				6F4759C628D9D146005CC91B /* AppView.swift in Sources */,
				49A97AE3294F0F50002FC2C1 /* SetNameAndPlaceView.swift in Sources */,
				4973588C2949CFE700C53BD7 /* MakePromiseStore.swift in Sources */,
				6F47599A28D9D0CE005CC91B /* PlanzApp.swift in Sources */,
				49A97AE7294F2870002FC2C1 /* PlanzColor.swift in Sources */,
				493FBE2228F1646200EFA491 /* MakePromiseBottomButton.swift in Sources */,
				49A97AE5294F1022002FC2C1 /* SetNameAndPlaceStore.swift in Sources */,
				493FBE2828F165A700EFA491 /* TopInformationView.swift in Sources */,
				49A97AE9294F2F84002FC2C1 /* MakePromiseErrorView.swift in Sources */,
				49A97AE1294DB862002FC2C1 /* MakePromiseView.swift in Sources */,
			);
			runOnlyForDeploymentPostprocessing = 0;
		};
		6F4759A228D9D0CF005CC91B /* Sources */ = {
			isa = PBXSourcesBuildPhase;
			buildActionMask = 2147483647;
			files = (
				6F4759AB28D9D0CF005CC91B /* PlanzTests.swift in Sources */,
			);
			runOnlyForDeploymentPostprocessing = 0;
		};
		6F4759AC28D9D0CF005CC91B /* Sources */ = {
			isa = PBXSourcesBuildPhase;
			buildActionMask = 2147483647;
			files = (
				6F4759B728D9D0CF005CC91B /* PlanzUITestsLaunchTests.swift in Sources */,
				6F4759B528D9D0CF005CC91B /* PlanzUITests.swift in Sources */,
			);
			runOnlyForDeploymentPostprocessing = 0;
		};
/* End PBXSourcesBuildPhase section */

/* Begin PBXTargetDependency section */
		6F4759A828D9D0CF005CC91B /* PBXTargetDependency */ = {
			isa = PBXTargetDependency;
			target = 6F47599528D9D0CE005CC91B /* Planz */;
			targetProxy = 6F4759A728D9D0CF005CC91B /* PBXContainerItemProxy */;
		};
		6F4759B228D9D0CF005CC91B /* PBXTargetDependency */ = {
			isa = PBXTargetDependency;
			target = 6F47599528D9D0CE005CC91B /* Planz */;
			targetProxy = 6F4759B128D9D0CF005CC91B /* PBXContainerItemProxy */;
		};
/* End PBXTargetDependency section */

/* Begin XCBuildConfiguration section */
		6F4759B828D9D0CF005CC91B /* Debug */ = {
			isa = XCBuildConfiguration;
			buildSettings = {
				ALWAYS_SEARCH_USER_PATHS = NO;
				CLANG_ANALYZER_NONNULL = YES;
				CLANG_ANALYZER_NUMBER_OBJECT_CONVERSION = YES_AGGRESSIVE;
				CLANG_CXX_LANGUAGE_STANDARD = "gnu++20";
				CLANG_ENABLE_MODULES = YES;
				CLANG_ENABLE_OBJC_ARC = YES;
				CLANG_ENABLE_OBJC_WEAK = YES;
				CLANG_WARN_BLOCK_CAPTURE_AUTORELEASING = YES;
				CLANG_WARN_BOOL_CONVERSION = YES;
				CLANG_WARN_COMMA = YES;
				CLANG_WARN_CONSTANT_CONVERSION = YES;
				CLANG_WARN_DEPRECATED_OBJC_IMPLEMENTATIONS = YES;
				CLANG_WARN_DIRECT_OBJC_ISA_USAGE = YES_ERROR;
				CLANG_WARN_DOCUMENTATION_COMMENTS = YES;
				CLANG_WARN_EMPTY_BODY = YES;
				CLANG_WARN_ENUM_CONVERSION = YES;
				CLANG_WARN_INFINITE_RECURSION = YES;
				CLANG_WARN_INT_CONVERSION = YES;
				CLANG_WARN_NON_LITERAL_NULL_CONVERSION = YES;
				CLANG_WARN_OBJC_IMPLICIT_RETAIN_SELF = YES;
				CLANG_WARN_OBJC_LITERAL_CONVERSION = YES;
				CLANG_WARN_OBJC_ROOT_CLASS = YES_ERROR;
				CLANG_WARN_QUOTED_INCLUDE_IN_FRAMEWORK_HEADER = YES;
				CLANG_WARN_RANGE_LOOP_ANALYSIS = YES;
				CLANG_WARN_STRICT_PROTOTYPES = YES;
				CLANG_WARN_SUSPICIOUS_MOVE = YES;
				CLANG_WARN_UNGUARDED_AVAILABILITY = YES_AGGRESSIVE;
				CLANG_WARN_UNREACHABLE_CODE = YES;
				CLANG_WARN__DUPLICATE_METHOD_MATCH = YES;
				COPY_PHASE_STRIP = NO;
				DEBUG_INFORMATION_FORMAT = dwarf;
				ENABLE_STRICT_OBJC_MSGSEND = YES;
				ENABLE_TESTABILITY = YES;
				GCC_C_LANGUAGE_STANDARD = gnu11;
				GCC_DYNAMIC_NO_PIC = NO;
				GCC_NO_COMMON_BLOCKS = YES;
				GCC_OPTIMIZATION_LEVEL = 0;
				GCC_PREPROCESSOR_DEFINITIONS = (
					"DEBUG=1",
					"$(inherited)",
				);
				GCC_WARN_64_TO_32_BIT_CONVERSION = YES;
				GCC_WARN_ABOUT_RETURN_TYPE = YES_ERROR;
				GCC_WARN_UNDECLARED_SELECTOR = YES;
				GCC_WARN_UNINITIALIZED_AUTOS = YES_AGGRESSIVE;
				GCC_WARN_UNUSED_FUNCTION = YES;
				GCC_WARN_UNUSED_VARIABLE = YES;
				IPHONEOS_DEPLOYMENT_TARGET = 16.0;
				MTL_ENABLE_DEBUG_INFO = INCLUDE_SOURCE;
				MTL_FAST_MATH = YES;
				ONLY_ACTIVE_ARCH = YES;
				SDKROOT = iphoneos;
				SWIFT_ACTIVE_COMPILATION_CONDITIONS = DEBUG;
				SWIFT_OPTIMIZATION_LEVEL = "-Onone";
			};
			name = Debug;
		};
		6F4759B928D9D0CF005CC91B /* Release */ = {
			isa = XCBuildConfiguration;
			buildSettings = {
				ALWAYS_SEARCH_USER_PATHS = NO;
				CLANG_ANALYZER_NONNULL = YES;
				CLANG_ANALYZER_NUMBER_OBJECT_CONVERSION = YES_AGGRESSIVE;
				CLANG_CXX_LANGUAGE_STANDARD = "gnu++20";
				CLANG_ENABLE_MODULES = YES;
				CLANG_ENABLE_OBJC_ARC = YES;
				CLANG_ENABLE_OBJC_WEAK = YES;
				CLANG_WARN_BLOCK_CAPTURE_AUTORELEASING = YES;
				CLANG_WARN_BOOL_CONVERSION = YES;
				CLANG_WARN_COMMA = YES;
				CLANG_WARN_CONSTANT_CONVERSION = YES;
				CLANG_WARN_DEPRECATED_OBJC_IMPLEMENTATIONS = YES;
				CLANG_WARN_DIRECT_OBJC_ISA_USAGE = YES_ERROR;
				CLANG_WARN_DOCUMENTATION_COMMENTS = YES;
				CLANG_WARN_EMPTY_BODY = YES;
				CLANG_WARN_ENUM_CONVERSION = YES;
				CLANG_WARN_INFINITE_RECURSION = YES;
				CLANG_WARN_INT_CONVERSION = YES;
				CLANG_WARN_NON_LITERAL_NULL_CONVERSION = YES;
				CLANG_WARN_OBJC_IMPLICIT_RETAIN_SELF = YES;
				CLANG_WARN_OBJC_LITERAL_CONVERSION = YES;
				CLANG_WARN_OBJC_ROOT_CLASS = YES_ERROR;
				CLANG_WARN_QUOTED_INCLUDE_IN_FRAMEWORK_HEADER = YES;
				CLANG_WARN_RANGE_LOOP_ANALYSIS = YES;
				CLANG_WARN_STRICT_PROTOTYPES = YES;
				CLANG_WARN_SUSPICIOUS_MOVE = YES;
				CLANG_WARN_UNGUARDED_AVAILABILITY = YES_AGGRESSIVE;
				CLANG_WARN_UNREACHABLE_CODE = YES;
				CLANG_WARN__DUPLICATE_METHOD_MATCH = YES;
				COPY_PHASE_STRIP = NO;
				DEBUG_INFORMATION_FORMAT = "dwarf-with-dsym";
				ENABLE_NS_ASSERTIONS = NO;
				ENABLE_STRICT_OBJC_MSGSEND = YES;
				GCC_C_LANGUAGE_STANDARD = gnu11;
				GCC_NO_COMMON_BLOCKS = YES;
				GCC_WARN_64_TO_32_BIT_CONVERSION = YES;
				GCC_WARN_ABOUT_RETURN_TYPE = YES_ERROR;
				GCC_WARN_UNDECLARED_SELECTOR = YES;
				GCC_WARN_UNINITIALIZED_AUTOS = YES_AGGRESSIVE;
				GCC_WARN_UNUSED_FUNCTION = YES;
				GCC_WARN_UNUSED_VARIABLE = YES;
				IPHONEOS_DEPLOYMENT_TARGET = 16.0;
				MTL_ENABLE_DEBUG_INFO = NO;
				MTL_FAST_MATH = YES;
				SDKROOT = iphoneos;
				SWIFT_COMPILATION_MODE = wholemodule;
				SWIFT_OPTIMIZATION_LEVEL = "-O";
				VALIDATE_PRODUCT = YES;
			};
			name = Release;
		};
		6F4759BB28D9D0CF005CC91B /* Debug */ = {
			isa = XCBuildConfiguration;
			buildSettings = {
				ASSETCATALOG_COMPILER_APPICON_NAME = AppIcon;
				ASSETCATALOG_COMPILER_GLOBAL_ACCENT_COLOR_NAME = AccentColor;
				CODE_SIGN_STYLE = Automatic;
				CURRENT_PROJECT_VERSION = 1;
				DEVELOPMENT_ASSET_PATHS = "\"Planz/Preview Content\"";
				ENABLE_PREVIEWS = YES;
				GENERATE_INFOPLIST_FILE = YES;
				INFOPLIST_KEY_UIApplicationSceneManifest_Generation = YES;
				INFOPLIST_KEY_UIApplicationSupportsIndirectInputEvents = YES;
				INFOPLIST_KEY_UILaunchScreen_Generation = YES;
				INFOPLIST_KEY_UISupportedInterfaceOrientations_iPad = "UIInterfaceOrientationPortrait UIInterfaceOrientationPortraitUpsideDown UIInterfaceOrientationLandscapeLeft UIInterfaceOrientationLandscapeRight";
				INFOPLIST_KEY_UISupportedInterfaceOrientations_iPhone = "UIInterfaceOrientationPortrait UIInterfaceOrientationLandscapeLeft UIInterfaceOrientationLandscapeRight";
				IPHONEOS_DEPLOYMENT_TARGET = 16.0;
				LD_RUNPATH_SEARCH_PATHS = (
					"$(inherited)",
					"@executable_path/Frameworks",
				);
				MARKETING_VERSION = 1.0;
				PRODUCT_BUNDLE_IDENTIFIER = "Team-Planz.Planz";
				PRODUCT_NAME = "$(TARGET_NAME)";
				SWIFT_EMIT_LOC_STRINGS = YES;
				SWIFT_VERSION = 5.0;
				TARGETED_DEVICE_FAMILY = "1,2";
			};
			name = Debug;
		};
		6F4759BC28D9D0CF005CC91B /* Release */ = {
			isa = XCBuildConfiguration;
			buildSettings = {
				ASSETCATALOG_COMPILER_APPICON_NAME = AppIcon;
				ASSETCATALOG_COMPILER_GLOBAL_ACCENT_COLOR_NAME = AccentColor;
				CODE_SIGN_STYLE = Automatic;
				CURRENT_PROJECT_VERSION = 1;
				DEVELOPMENT_ASSET_PATHS = "\"Planz/Preview Content\"";
				ENABLE_PREVIEWS = YES;
				GENERATE_INFOPLIST_FILE = YES;
				INFOPLIST_KEY_UIApplicationSceneManifest_Generation = YES;
				INFOPLIST_KEY_UIApplicationSupportsIndirectInputEvents = YES;
				INFOPLIST_KEY_UILaunchScreen_Generation = YES;
				INFOPLIST_KEY_UISupportedInterfaceOrientations_iPad = "UIInterfaceOrientationPortrait UIInterfaceOrientationPortraitUpsideDown UIInterfaceOrientationLandscapeLeft UIInterfaceOrientationLandscapeRight";
				INFOPLIST_KEY_UISupportedInterfaceOrientations_iPhone = "UIInterfaceOrientationPortrait UIInterfaceOrientationLandscapeLeft UIInterfaceOrientationLandscapeRight";
				IPHONEOS_DEPLOYMENT_TARGET = 16.0;
				LD_RUNPATH_SEARCH_PATHS = (
					"$(inherited)",
					"@executable_path/Frameworks",
				);
				MARKETING_VERSION = 1.0;
				PRODUCT_BUNDLE_IDENTIFIER = "Team-Planz.Planz";
				PRODUCT_NAME = "$(TARGET_NAME)";
				SWIFT_EMIT_LOC_STRINGS = YES;
				SWIFT_VERSION = 5.0;
				TARGETED_DEVICE_FAMILY = "1,2";
			};
			name = Release;
		};
		6F4759BE28D9D0CF005CC91B /* Debug */ = {
			isa = XCBuildConfiguration;
			buildSettings = {
				ALWAYS_EMBED_SWIFT_STANDARD_LIBRARIES = YES;
				BUNDLE_LOADER = "$(TEST_HOST)";
				CODE_SIGN_STYLE = Automatic;
				CURRENT_PROJECT_VERSION = 1;
				GENERATE_INFOPLIST_FILE = YES;
				IPHONEOS_DEPLOYMENT_TARGET = 16.0;
				MARKETING_VERSION = 1.0;
				PRODUCT_BUNDLE_IDENTIFIER = "Team-Planz.PlanzTests";
				PRODUCT_NAME = "$(TARGET_NAME)";
				SWIFT_EMIT_LOC_STRINGS = NO;
				SWIFT_VERSION = 5.0;
				TARGETED_DEVICE_FAMILY = "1,2";
				TEST_HOST = "$(BUILT_PRODUCTS_DIR)/Planz.app/$(BUNDLE_EXECUTABLE_FOLDER_PATH)/Planz";
				TVOS_DEPLOYMENT_TARGET = 16.0;
			};
			name = Debug;
		};
		6F4759BF28D9D0CF005CC91B /* Release */ = {
			isa = XCBuildConfiguration;
			buildSettings = {
				ALWAYS_EMBED_SWIFT_STANDARD_LIBRARIES = YES;
				BUNDLE_LOADER = "$(TEST_HOST)";
				CODE_SIGN_STYLE = Automatic;
				CURRENT_PROJECT_VERSION = 1;
				GENERATE_INFOPLIST_FILE = YES;
				IPHONEOS_DEPLOYMENT_TARGET = 16.0;
				MARKETING_VERSION = 1.0;
				PRODUCT_BUNDLE_IDENTIFIER = "Team-Planz.PlanzTests";
				PRODUCT_NAME = "$(TARGET_NAME)";
				SWIFT_EMIT_LOC_STRINGS = NO;
				SWIFT_VERSION = 5.0;
				TARGETED_DEVICE_FAMILY = "1,2";
				TEST_HOST = "$(BUILT_PRODUCTS_DIR)/Planz.app/$(BUNDLE_EXECUTABLE_FOLDER_PATH)/Planz";
				TVOS_DEPLOYMENT_TARGET = 16.0;
			};
			name = Release;
		};
		6F4759C128D9D0CF005CC91B /* Debug */ = {
			isa = XCBuildConfiguration;
			buildSettings = {
				ALWAYS_EMBED_SWIFT_STANDARD_LIBRARIES = YES;
				CODE_SIGN_STYLE = Automatic;
				CURRENT_PROJECT_VERSION = 1;
				GENERATE_INFOPLIST_FILE = YES;
				MARKETING_VERSION = 1.0;
				PRODUCT_BUNDLE_IDENTIFIER = "Team-Planz.PlanzUITests";
				PRODUCT_NAME = "$(TARGET_NAME)";
				SWIFT_EMIT_LOC_STRINGS = NO;
				SWIFT_VERSION = 5.0;
				TARGETED_DEVICE_FAMILY = "1,2";
				TEST_TARGET_NAME = Planz;
			};
			name = Debug;
		};
		6F4759C228D9D0CF005CC91B /* Release */ = {
			isa = XCBuildConfiguration;
			buildSettings = {
				ALWAYS_EMBED_SWIFT_STANDARD_LIBRARIES = YES;
				CODE_SIGN_STYLE = Automatic;
				CURRENT_PROJECT_VERSION = 1;
				GENERATE_INFOPLIST_FILE = YES;
				MARKETING_VERSION = 1.0;
				PRODUCT_BUNDLE_IDENTIFIER = "Team-Planz.PlanzUITests";
				PRODUCT_NAME = "$(TARGET_NAME)";
				SWIFT_EMIT_LOC_STRINGS = NO;
				SWIFT_VERSION = 5.0;
				TARGETED_DEVICE_FAMILY = "1,2";
				TEST_TARGET_NAME = Planz;
			};
			name = Release;
		};
/* End XCBuildConfiguration section */

/* Begin XCConfigurationList section */
		6F47599128D9D0CE005CC91B /* Build configuration list for PBXProject "Planz" */ = {
			isa = XCConfigurationList;
			buildConfigurations = (
				6F4759B828D9D0CF005CC91B /* Debug */,
				6F4759B928D9D0CF005CC91B /* Release */,
			);
			defaultConfigurationIsVisible = 0;
			defaultConfigurationName = Release;
		};
		6F4759BA28D9D0CF005CC91B /* Build configuration list for PBXNativeTarget "Planz" */ = {
			isa = XCConfigurationList;
			buildConfigurations = (
				6F4759BB28D9D0CF005CC91B /* Debug */,
				6F4759BC28D9D0CF005CC91B /* Release */,
			);
			defaultConfigurationIsVisible = 0;
			defaultConfigurationName = Release;
		};
		6F4759BD28D9D0CF005CC91B /* Build configuration list for PBXNativeTarget "PlanzTests" */ = {
			isa = XCConfigurationList;
			buildConfigurations = (
				6F4759BE28D9D0CF005CC91B /* Debug */,
				6F4759BF28D9D0CF005CC91B /* Release */,
			);
			defaultConfigurationIsVisible = 0;
			defaultConfigurationName = Release;
		};
		6F4759C028D9D0CF005CC91B /* Build configuration list for PBXNativeTarget "PlanzUITests" */ = {
			isa = XCConfigurationList;
			buildConfigurations = (
				6F4759C128D9D0CF005CC91B /* Debug */,
				6F4759C228D9D0CF005CC91B /* Release */,
			);
			defaultConfigurationIsVisible = 0;
			defaultConfigurationName = Release;
		};
/* End XCConfigurationList section */

/* Begin XCSwiftPackageProductDependency section */
		6F81F3CF28EE78550005BAAA /* AppPackage */ = {
			isa = XCSwiftPackageProductDependency;
			productName = AppPackage;
		};
/* End XCSwiftPackageProductDependency section */
	};
	rootObject = 6F47598E28D9D0CE005CC91B /* Project object */;
}
